// !$*UTF8*$!
{
	archiveVersion = 1;
	classes = {
	};
	objectVersion = 50;
	objects = {

/* Begin PBXBuildFile section */
		C1111A1227F5DE5A0000D986 /* AppDelegate.swift in Sources */ = {isa = PBXBuildFile; fileRef = C1111A1127F5DE5A0000D986 /* AppDelegate.swift */; };
		C1111A1427F5DE5A0000D986 /* SceneDelegate.swift in Sources */ = {isa = PBXBuildFile; fileRef = C1111A1327F5DE5A0000D986 /* SceneDelegate.swift */; };
		C1111A1627F5DE5A0000D986 /* NewsTableViewController.swift in Sources */ = {isa = PBXBuildFile; fileRef = C1111A1527F5DE5A0000D986 /* NewsTableViewController.swift */; };
		C1111A1927F5DE5A0000D986 /* Main.storyboard in Resources */ = {isa = PBXBuildFile; fileRef = C1111A1727F5DE5A0000D986 /* Main.storyboard */; };
		C1111A1B27F5DE5D0000D986 /* Assets.xcassets in Resources */ = {isa = PBXBuildFile; fileRef = C1111A1A27F5DE5D0000D986 /* Assets.xcassets */; };
		C1111A1E27F5DE5D0000D986 /* LaunchScreen.storyboard in Resources */ = {isa = PBXBuildFile; fileRef = C1111A1C27F5DE5D0000D986 /* LaunchScreen.storyboard */; };
		C1111A2927F5DE5D0000D986 /* NewsTests.swift in Sources */ = {isa = PBXBuildFile; fileRef = C1111A2827F5DE5D0000D986 /* NewsTests.swift */; };
		C1111A3427F5DE5D0000D986 /* NewsUITests.swift in Sources */ = {isa = PBXBuildFile; fileRef = C1111A3327F5DE5D0000D986 /* NewsUITests.swift */; };
		C1111A4527F5E5830000D986 /* Results.swift in Sources */ = {isa = PBXBuildFile; fileRef = C1111A4427F5E5830000D986 /* Results.swift */; };
		C1111A4A27F5E6A10000D986 /* APIManager.swift in Sources */ = {isa = PBXBuildFile; fileRef = C1111A4927F5E6A10000D986 /* APIManager.swift */; };
		C1111A5527F5F5020000D986 /* NewsTableViewCell.swift in Sources */ = {isa = PBXBuildFile; fileRef = C1111A5427F5F5020000D986 /* NewsTableViewCell.swift */; };
/* End PBXBuildFile section */

/* Begin PBXContainerItemProxy section */
		C1111A2527F5DE5D0000D986 /* PBXContainerItemProxy */ = {
			isa = PBXContainerItemProxy;
			containerPortal = C1111A0627F5DE5A0000D986 /* Project object */;
			proxyType = 1;
			remoteGlobalIDString = C1111A0D27F5DE5A0000D986;
			remoteInfo = News;
		};
		C1111A3027F5DE5D0000D986 /* PBXContainerItemProxy */ = {
			isa = PBXContainerItemProxy;
			containerPortal = C1111A0627F5DE5A0000D986 /* Project object */;
			proxyType = 1;
			remoteGlobalIDString = C1111A0D27F5DE5A0000D986;
			remoteInfo = News;
		};
/* End PBXContainerItemProxy section */

/* Begin PBXFileReference section */
		C1111A0E27F5DE5A0000D986 /* News.app */ = {isa = PBXFileReference; explicitFileType = wrapper.application; includeInIndex = 0; path = News.app; sourceTree = BUILT_PRODUCTS_DIR; };
		C1111A1127F5DE5A0000D986 /* AppDelegate.swift */ = {isa = PBXFileReference; lastKnownFileType = sourcecode.swift; path = AppDelegate.swift; sourceTree = "<group>"; };
		C1111A1327F5DE5A0000D986 /* SceneDelegate.swift */ = {isa = PBXFileReference; lastKnownFileType = sourcecode.swift; path = SceneDelegate.swift; sourceTree = "<group>"; };
		C1111A1527F5DE5A0000D986 /* NewsTableViewController.swift */ = {isa = PBXFileReference; lastKnownFileType = sourcecode.swift; path = NewsTableViewController.swift; sourceTree = "<group>"; };
		C1111A1827F5DE5A0000D986 /* Base */ = {isa = PBXFileReference; lastKnownFileType = file.storyboard; name = Base; path = Base.lproj/Main.storyboard; sourceTree = "<group>"; };
		C1111A1A27F5DE5D0000D986 /* Assets.xcassets */ = {isa = PBXFileReference; lastKnownFileType = folder.assetcatalog; path = Assets.xcassets; sourceTree = "<group>"; };
		C1111A1D27F5DE5D0000D986 /* Base */ = {isa = PBXFileReference; lastKnownFileType = file.storyboard; name = Base; path = Base.lproj/LaunchScreen.storyboard; sourceTree = "<group>"; };
		C1111A1F27F5DE5D0000D986 /* Info.plist */ = {isa = PBXFileReference; lastKnownFileType = text.plist.xml; path = Info.plist; sourceTree = "<group>"; };
		C1111A2427F5DE5D0000D986 /* NewsTests.xctest */ = {isa = PBXFileReference; explicitFileType = wrapper.cfbundle; includeInIndex = 0; path = NewsTests.xctest; sourceTree = BUILT_PRODUCTS_DIR; };
		C1111A2827F5DE5D0000D986 /* NewsTests.swift */ = {isa = PBXFileReference; lastKnownFileType = sourcecode.swift; path = NewsTests.swift; sourceTree = "<group>"; };
		C1111A2A27F5DE5D0000D986 /* Info.plist */ = {isa = PBXFileReference; lastKnownFileType = text.plist.xml; path = Info.plist; sourceTree = "<group>"; };
		C1111A2F27F5DE5D0000D986 /* NewsUITests.xctest */ = {isa = PBXFileReference; explicitFileType = wrapper.cfbundle; includeInIndex = 0; path = NewsUITests.xctest; sourceTree = BUILT_PRODUCTS_DIR; };
		C1111A3327F5DE5D0000D986 /* NewsUITests.swift */ = {isa = PBXFileReference; lastKnownFileType = sourcecode.swift; path = NewsUITests.swift; sourceTree = "<group>"; };
		C1111A3527F5DE5D0000D986 /* Info.plist */ = {isa = PBXFileReference; lastKnownFileType = text.plist.xml; path = Info.plist; sourceTree = "<group>"; };
		C1111A4427F5E5830000D986 /* Results.swift */ = {isa = PBXFileReference; lastKnownFileType = sourcecode.swift; path = Results.swift; sourceTree = "<group>"; };
		C1111A4927F5E6A10000D986 /* APIManager.swift */ = {isa = PBXFileReference; lastKnownFileType = sourcecode.swift; path = APIManager.swift; sourceTree = "<group>"; };
		C1111A5427F5F5020000D986 /* NewsTableViewCell.swift */ = {isa = PBXFileReference; lastKnownFileType = sourcecode.swift; path = NewsTableViewCell.swift; sourceTree = "<group>"; };
/* End PBXFileReference section */

/* Begin PBXFrameworksBuildPhase section */
		C1111A0B27F5DE5A0000D986 /* Frameworks */ = {
			isa = PBXFrameworksBuildPhase;
			buildActionMask = 2147483647;
			files = (
			);
			runOnlyForDeploymentPostprocessing = 0;
		};
		C1111A2127F5DE5D0000D986 /* Frameworks */ = {
			isa = PBXFrameworksBuildPhase;
			buildActionMask = 2147483647;
			files = (
			);
			runOnlyForDeploymentPostprocessing = 0;
		};
		C1111A2C27F5DE5D0000D986 /* Frameworks */ = {
			isa = PBXFrameworksBuildPhase;
			buildActionMask = 2147483647;
			files = (
			);
			runOnlyForDeploymentPostprocessing = 0;
		};
/* End PBXFrameworksBuildPhase section */

/* Begin PBXGroup section */
		C1111A0527F5DE5A0000D986 = {
			isa = PBXGroup;
			children = (
				C1111A1027F5DE5A0000D986 /* News */,
				C1111A2727F5DE5D0000D986 /* NewsTests */,
				C1111A3227F5DE5D0000D986 /* NewsUITests */,
				C1111A0F27F5DE5A0000D986 /* Products */,
			);
			sourceTree = "<group>";
		};
		C1111A0F27F5DE5A0000D986 /* Products */ = {
			isa = PBXGroup;
			children = (
				C1111A0E27F5DE5A0000D986 /* News.app */,
				C1111A2427F5DE5D0000D986 /* NewsTests.xctest */,
				C1111A2F27F5DE5D0000D986 /* NewsUITests.xctest */,
			);
			name = Products;
			sourceTree = "<group>";
		};
		C1111A1027F5DE5A0000D986 /* News */ = {
			isa = PBXGroup;
			children = (
				C1111A1127F5DE5A0000D986 /* AppDelegate.swift */,
				C1111A1327F5DE5A0000D986 /* SceneDelegate.swift */,
				C1111A5F27F60B2A0000D986 /* Controllers */,
				C1111A5E27F60B210000D986 /* Model */,
				C1111A5D27F60B160000D986 /* Services */,
				C1111A5927F60AFA0000D986 /* Views */,
				C1111A1A27F5DE5D0000D986 /* Assets.xcassets */,
				C1111A1C27F5DE5D0000D986 /* LaunchScreen.storyboard */,
				C1111A1F27F5DE5D0000D986 /* Info.plist */,
			);
			path = News;
			sourceTree = "<group>";
		};
		C1111A2727F5DE5D0000D986 /* NewsTests */ = {
			isa = PBXGroup;
			children = (
				C1111A2827F5DE5D0000D986 /* NewsTests.swift */,
				C1111A2A27F5DE5D0000D986 /* Info.plist */,
			);
			path = NewsTests;
			sourceTree = "<group>";
		};
		C1111A3227F5DE5D0000D986 /* NewsUITests */ = {
			isa = PBXGroup;
			children = (
				C1111A3327F5DE5D0000D986 /* NewsUITests.swift */,
				C1111A3527F5DE5D0000D986 /* Info.plist */,
			);
			path = NewsUITests;
			sourceTree = "<group>";
		};
		C1111A5927F60AFA0000D986 /* Views */ = {
			isa = PBXGroup;
			children = (
				C1111A1727F5DE5A0000D986 /* Main.storyboard */,
				C1111A5427F5F5020000D986 /* NewsTableViewCell.swift */,
			);
			path = Views;
			sourceTree = "<group>";
		};
		C1111A5D27F60B160000D986 /* Services */ = {
			isa = PBXGroup;
			children = (
				C1111A4927F5E6A10000D986 /* APIManager.swift */,
			);
			path = Services;
			sourceTree = "<group>";
		};
		C1111A5E27F60B210000D986 /* Model */ = {
			isa = PBXGroup;
			children = (
				C1111A4427F5E5830000D986 /* Results.swift */,
			);
			path = Model;
			sourceTree = "<group>";
		};
		C1111A5F27F60B2A0000D986 /* Controllers */ = {
			isa = PBXGroup;
			children = (
				C1111A1527F5DE5A0000D986 /* NewsTableViewController.swift */,
			);
			path = Controllers;
			sourceTree = "<group>";
		};
/* End PBXGroup section */

/* Begin PBXNativeTarget section */
		C1111A0D27F5DE5A0000D986 /* News */ = {
			isa = PBXNativeTarget;
			buildConfigurationList = C1111A3827F5DE5D0000D986 /* Build configuration list for PBXNativeTarget "News" */;
			buildPhases = (
				C1111A0A27F5DE5A0000D986 /* Sources */,
				C1111A0B27F5DE5A0000D986 /* Frameworks */,
				C1111A0C27F5DE5A0000D986 /* Resources */,
			);
			buildRules = (
			);
			dependencies = (
			);
			name = News;
			productName = News;
			productReference = C1111A0E27F5DE5A0000D986 /* News.app */;
			productType = "com.apple.product-type.application";
		};
		C1111A2327F5DE5D0000D986 /* NewsTests */ = {
			isa = PBXNativeTarget;
			buildConfigurationList = C1111A3B27F5DE5D0000D986 /* Build configuration list for PBXNativeTarget "NewsTests" */;
			buildPhases = (
				C1111A2027F5DE5D0000D986 /* Sources */,
				C1111A2127F5DE5D0000D986 /* Frameworks */,
				C1111A2227F5DE5D0000D986 /* Resources */,
			);
			buildRules = (
			);
			dependencies = (
				C1111A2627F5DE5D0000D986 /* PBXTargetDependency */,
			);
			name = NewsTests;
			productName = NewsTests;
			productReference = C1111A2427F5DE5D0000D986 /* NewsTests.xctest */;
			productType = "com.apple.product-type.bundle.unit-test";
		};
		C1111A2E27F5DE5D0000D986 /* NewsUITests */ = {
			isa = PBXNativeTarget;
			buildConfigurationList = C1111A3E27F5DE5D0000D986 /* Build configuration list for PBXNativeTarget "NewsUITests" */;
			buildPhases = (
				C1111A2B27F5DE5D0000D986 /* Sources */,
				C1111A2C27F5DE5D0000D986 /* Frameworks */,
				C1111A2D27F5DE5D0000D986 /* Resources */,
			);
			buildRules = (
			);
			dependencies = (
				C1111A3127F5DE5D0000D986 /* PBXTargetDependency */,
			);
			name = NewsUITests;
			productName = NewsUITests;
			productReference = C1111A2F27F5DE5D0000D986 /* NewsUITests.xctest */;
			productType = "com.apple.product-type.bundle.ui-testing";
		};
/* End PBXNativeTarget section */

/* Begin PBXProject section */
		C1111A0627F5DE5A0000D986 /* Project object */ = {
			isa = PBXProject;
			attributes = {
				LastSwiftUpdateCheck = 1200;
				LastUpgradeCheck = 1200;
				TargetAttributes = {
					C1111A0D27F5DE5A0000D986 = {
						CreatedOnToolsVersion = 12.0;
					};
					C1111A2327F5DE5D0000D986 = {
						CreatedOnToolsVersion = 12.0;
						TestTargetID = C1111A0D27F5DE5A0000D986;
					};
					C1111A2E27F5DE5D0000D986 = {
						CreatedOnToolsVersion = 12.0;
						TestTargetID = C1111A0D27F5DE5A0000D986;
					};
				};
			};
			buildConfigurationList = C1111A0927F5DE5A0000D986 /* Build configuration list for PBXProject "News" */;
			compatibilityVersion = "Xcode 9.3";
			developmentRegion = en;
			hasScannedForEncodings = 0;
			knownRegions = (
				en,
				Base,
			);
			mainGroup = C1111A0527F5DE5A0000D986;
			productRefGroup = C1111A0F27F5DE5A0000D986 /* Products */;
			projectDirPath = "";
			projectRoot = "";
			targets = (
				C1111A0D27F5DE5A0000D986 /* News */,
				C1111A2327F5DE5D0000D986 /* NewsTests */,
				C1111A2E27F5DE5D0000D986 /* NewsUITests */,
			);
		};
/* End PBXProject section */

/* Begin PBXResourcesBuildPhase section */
		C1111A0C27F5DE5A0000D986 /* Resources */ = {
			isa = PBXResourcesBuildPhase;
			buildActionMask = 2147483647;
			files = (
				C1111A1E27F5DE5D0000D986 /* LaunchScreen.storyboard in Resources */,
				C1111A1B27F5DE5D0000D986 /* Assets.xcassets in Resources */,
				C1111A1927F5DE5A0000D986 /* Main.storyboard in Resources */,
			);
			runOnlyForDeploymentPostprocessing = 0;
		};
		C1111A2227F5DE5D0000D986 /* Resources */ = {
			isa = PBXResourcesBuildPhase;
			buildActionMask = 2147483647;
			files = (
			);
			runOnlyForDeploymentPostprocessing = 0;
		};
		C1111A2D27F5DE5D0000D986 /* Resources */ = {
			isa = PBXResourcesBuildPhase;
			buildActionMask = 2147483647;
			files = (
			);
			runOnlyForDeploymentPostprocessing = 0;
		};
/* End PBXResourcesBuildPhase section */

/* Begin PBXSourcesBuildPhase section */
		C1111A0A27F5DE5A0000D986 /* Sources */ = {
			isa = PBXSourcesBuildPhase;
			buildActionMask = 2147483647;
			files = (
				C1111A1627F5DE5A0000D986 /* NewsTableViewController.swift in Sources */,
				C1111A1227F5DE5A0000D986 /* AppDelegate.swift in Sources */,
				C1111A5527F5F5020000D986 /* NewsTableViewCell.swift in Sources */,
				C1111A4A27F5E6A10000D986 /* APIManager.swift in Sources */,
				C1111A4527F5E5830000D986 /* Results.swift in Sources */,
				C1111A1427F5DE5A0000D986 /* SceneDelegate.swift in Sources */,
			);
			runOnlyForDeploymentPostprocessing = 0;
		};
		C1111A2027F5DE5D0000D986 /* Sources */ = {
			isa = PBXSourcesBuildPhase;
			buildActionMask = 2147483647;
			files = (
				C1111A2927F5DE5D0000D986 /* NewsTests.swift in Sources */,
			);
			runOnlyForDeploymentPostprocessing = 0;
		};
		C1111A2B27F5DE5D0000D986 /* Sources */ = {
			isa = PBXSourcesBuildPhase;
			buildActionMask = 2147483647;
			files = (
				C1111A3427F5DE5D0000D986 /* NewsUITests.swift in Sources */,
			);
			runOnlyForDeploymentPostprocessing = 0;
		};
/* End PBXSourcesBuildPhase section */

/* Begin PBXTargetDependency section */
		C1111A2627F5DE5D0000D986 /* PBXTargetDependency */ = {
			isa = PBXTargetDependency;
			target = C1111A0D27F5DE5A0000D986 /* News */;
			targetProxy = C1111A2527F5DE5D0000D986 /* PBXContainerItemProxy */;
		};
		C1111A3127F5DE5D0000D986 /* PBXTargetDependency */ = {
			isa = PBXTargetDependency;
			target = C1111A0D27F5DE5A0000D986 /* News */;
			targetProxy = C1111A3027F5DE5D0000D986 /* PBXContainerItemProxy */;
		};
/* End PBXTargetDependency section */

/* Begin PBXVariantGroup section */
		C1111A1727F5DE5A0000D986 /* Main.storyboard */ = {
			isa = PBXVariantGroup;
			children = (
				C1111A1827F5DE5A0000D986 /* Base */,
			);
			name = Main.storyboard;
			sourceTree = "<group>";
		};
		C1111A1C27F5DE5D0000D986 /* LaunchScreen.storyboard */ = {
			isa = PBXVariantGroup;
			children = (
				C1111A1D27F5DE5D0000D986 /* Base */,
			);
			name = LaunchScreen.storyboard;
			sourceTree = "<group>";
		};
/* End PBXVariantGroup section */

/* Begin XCBuildConfiguration section */
		C1111A3627F5DE5D0000D986 /* Debug */ = {
			isa = XCBuildConfiguration;
			buildSettings = {
				ALWAYS_SEARCH_USER_PATHS = NO;
				CLANG_ANALYZER_NONNULL = YES;
				CLANG_ANALYZER_NUMBER_OBJECT_CONVERSION = YES_AGGRESSIVE;
				CLANG_CXX_LANGUAGE_STANDARD = "gnu++14";
				CLANG_CXX_LIBRARY = "libc++";
				CLANG_ENABLE_MODULES = YES;
				CLANG_ENABLE_OBJC_ARC = YES;
				CLANG_ENABLE_OBJC_WEAK = YES;
				CLANG_WARN_BLOCK_CAPTURE_AUTORELEASING = YES;
				CLANG_WARN_BOOL_CONVERSION = YES;
				CLANG_WARN_COMMA = YES;
				CLANG_WARN_CONSTANT_CONVERSION = YES;
				CLANG_WARN_DEPRECATED_OBJC_IMPLEMENTATIONS = YES;
				CLANG_WARN_DIRECT_OBJC_ISA_USAGE = YES_ERROR;
				CLANG_WARN_DOCUMENTATION_COMMENTS = YES;
				CLANG_WARN_EMPTY_BODY = YES;
				CLANG_WARN_ENUM_CONVERSION = YES;
				CLANG_WARN_INFINITE_RECURSION = YES;
				CLANG_WARN_INT_CONVERSION = YES;
				CLANG_WARN_NON_LITERAL_NULL_CONVERSION = YES;
				CLANG_WARN_OBJC_IMPLICIT_RETAIN_SELF = YES;
				CLANG_WARN_OBJC_LITERAL_CONVERSION = YES;
				CLANG_WARN_OBJC_ROOT_CLASS = YES_ERROR;
				CLANG_WARN_QUOTED_INCLUDE_IN_FRAMEWORK_HEADER = YES;
				CLANG_WARN_RANGE_LOOP_ANALYSIS = YES;
				CLANG_WARN_STRICT_PROTOTYPES = YES;
				CLANG_WARN_SUSPICIOUS_MOVE = YES;
				CLANG_WARN_UNGUARDED_AVAILABILITY = YES_AGGRESSIVE;
				CLANG_WARN_UNREACHABLE_CODE = YES;
				CLANG_WARN__DUPLICATE_METHOD_MATCH = YES;
				COPY_PHASE_STRIP = NO;
				DEBUG_INFORMATION_FORMAT = dwarf;
				ENABLE_STRICT_OBJC_MSGSEND = YES;
				ENABLE_TESTABILITY = YES;
				GCC_C_LANGUAGE_STANDARD = gnu11;
				GCC_DYNAMIC_NO_PIC = NO;
				GCC_NO_COMMON_BLOCKS = YES;
				GCC_OPTIMIZATION_LEVEL = 0;
				GCC_PREPROCESSOR_DEFINITIONS = (
					"DEBUG=1",
					"$(inherited)",
				);
				GCC_WARN_64_TO_32_BIT_CONVERSION = YES;
				GCC_WARN_ABOUT_RETURN_TYPE = YES_ERROR;
				GCC_WARN_UNDECLARED_SELECTOR = YES;
				GCC_WARN_UNINITIALIZED_AUTOS = YES_AGGRESSIVE;
				GCC_WARN_UNUSED_FUNCTION = YES;
				GCC_WARN_UNUSED_VARIABLE = YES;
				IPHONEOS_DEPLOYMENT_TARGET = 14.0;
				MTL_ENABLE_DEBUG_INFO = INCLUDE_SOURCE;
				MTL_FAST_MATH = YES;
				ONLY_ACTIVE_ARCH = YES;
				SDKROOT = iphoneos;
				SWIFT_ACTIVE_COMPILATION_CONDITIONS = DEBUG;
				SWIFT_OPTIMIZATION_LEVEL = "-Onone";
			};
			name = Debug;
		};
		C1111A3727F5DE5D0000D986 /* Release */ = {
			isa = XCBuildConfiguration;
			buildSettings = {
				ALWAYS_SEARCH_USER_PATHS = NO;
				CLANG_ANALYZER_NONNULL = YES;
				CLANG_ANALYZER_NUMBER_OBJECT_CONVERSION = YES_AGGRESSIVE;
				CLANG_CXX_LANGUAGE_STANDARD = "gnu++14";
				CLANG_CXX_LIBRARY = "libc++";
				CLANG_ENABLE_MODULES = YES;
				CLANG_ENABLE_OBJC_ARC = YES;
				CLANG_ENABLE_OBJC_WEAK = YES;
				CLANG_WARN_BLOCK_CAPTURE_AUTORELEASING = YES;
				CLANG_WARN_BOOL_CONVERSION = YES;
				CLANG_WARN_COMMA = YES;
				CLANG_WARN_CONSTANT_CONVERSION = YES;
				CLANG_WARN_DEPRECATED_OBJC_IMPLEMENTATIONS = YES;
				CLANG_WARN_DIRECT_OBJC_ISA_USAGE = YES_ERROR;
				CLANG_WARN_DOCUMENTATION_COMMENTS = YES;
				CLANG_WARN_EMPTY_BODY = YES;
				CLANG_WARN_ENUM_CONVERSION = YES;
				CLANG_WARN_INFINITE_RECURSION = YES;
				CLANG_WARN_INT_CONVERSION = YES;
				CLANG_WARN_NON_LITERAL_NULL_CONVERSION = YES;
				CLANG_WARN_OBJC_IMPLICIT_RETAIN_SELF = YES;
				CLANG_WARN_OBJC_LITERAL_CONVERSION = YES;
				CLANG_WARN_OBJC_ROOT_CLASS = YES_ERROR;
				CLANG_WARN_QUOTED_INCLUDE_IN_FRAMEWORK_HEADER = YES;
				CLANG_WARN_RANGE_LOOP_ANALYSIS = YES;
				CLANG_WARN_STRICT_PROTOTYPES = YES;
				CLANG_WARN_SUSPICIOUS_MOVE = YES;
				CLANG_WARN_UNGUARDED_AVAILABILITY = YES_AGGRESSIVE;
				CLANG_WARN_UNREACHABLE_CODE = YES;
				CLANG_WARN__DUPLICATE_METHOD_MATCH = YES;
				COPY_PHASE_STRIP = NO;
				DEBUG_INFORMATION_FORMAT = "dwarf-with-dsym";
				ENABLE_NS_ASSERTIONS = NO;
				ENABLE_STRICT_OBJC_MSGSEND = YES;
				GCC_C_LANGUAGE_STANDARD = gnu11;
				GCC_NO_COMMON_BLOCKS = YES;
				GCC_WARN_64_TO_32_BIT_CONVERSION = YES;
				GCC_WARN_ABOUT_RETURN_TYPE = YES_ERROR;
				GCC_WARN_UNDECLARED_SELECTOR = YES;
				GCC_WARN_UNINITIALIZED_AUTOS = YES_AGGRESSIVE;
				GCC_WARN_UNUSED_FUNCTION = YES;
				GCC_WARN_UNUSED_VARIABLE = YES;
				IPHONEOS_DEPLOYMENT_TARGET = 14.0;
				MTL_ENABLE_DEBUG_INFO = NO;
				MTL_FAST_MATH = YES;
				SDKROOT = iphoneos;
				SWIFT_COMPILATION_MODE = wholemodule;
				SWIFT_OPTIMIZATION_LEVEL = "-O";
				VALIDATE_PRODUCT = YES;
			};
			name = Release;
		};
		C1111A3927F5DE5D0000D986 /* Debug */ = {
			isa = XCBuildConfiguration;
			buildSettings = {
				ASSETCATALOG_COMPILER_APPICON_NAME = AppIcon;
				ASSETCATALOG_COMPILER_GLOBAL_ACCENT_COLOR_NAME = AccentColor;
				CODE_SIGN_STYLE = Automatic;
				DEVELOPMENT_TEAM = 2L5ZS935W8;
				INFOPLIST_FILE = News/Info.plist;
				LD_RUNPATH_SEARCH_PATHS = (
					"$(inherited)",
					"@executable_path/Frameworks",
				);
				PRODUCT_BUNDLE_IDENTIFIER = com.FireLinkStudio.News;
				PRODUCT_NAME = "$(TARGET_NAME)";
				SWIFT_VERSION = 5.0;
				TARGETED_DEVICE_FAMILY = "1,2";
			};
			name = Debug;
		};
		C1111A3A27F5DE5D0000D986 /* Release */ = {
			isa = XCBuildConfiguration;
			buildSettings = {
				ASSETCATALOG_COMPILER_APPICON_NAME = AppIcon;
				ASSETCATALOG_COMPILER_GLOBAL_ACCENT_COLOR_NAME = AccentColor;
				CODE_SIGN_STYLE = Automatic;
				DEVELOPMENT_TEAM = 2L5ZS935W8;
				INFOPLIST_FILE = News/Info.plist;
				LD_RUNPATH_SEARCH_PATHS = (
					"$(inherited)",
					"@executable_path/Frameworks",
				);
				PRODUCT_BUNDLE_IDENTIFIER = com.FireLinkStudio.News;
				PRODUCT_NAME = "$(TARGET_NAME)";
				SWIFT_VERSION = 5.0;
				TARGETED_DEVICE_FAMILY = "1,2";
			};
			name = Release;
		};
		C1111A3C27F5DE5D0000D986 /* Debug */ = {
			isa = XCBuildConfiguration;
			buildSettings = {
				ALWAYS_EMBED_SWIFT_STANDARD_LIBRARIES = YES;
				BUNDLE_LOADER = "$(TEST_HOST)";
				CODE_SIGN_STYLE = Automatic;
				DEVELOPMENT_TEAM = 2L5ZS935W8;
				INFOPLIST_FILE = NewsTests/Info.plist;
				IPHONEOS_DEPLOYMENT_TARGET = 14.0;
				LD_RUNPATH_SEARCH_PATHS = (
					"$(inherited)",
					"@executable_path/Frameworks",
					"@loader_path/Frameworks",
				);
				PRODUCT_BUNDLE_IDENTIFIER = com.FireLinkStudio.NewsTests;
				PRODUCT_NAME = "$(TARGET_NAME)";
				SWIFT_VERSION = 5.0;
				TARGETED_DEVICE_FAMILY = "1,2";
				TEST_HOST = "$(BUILT_PRODUCTS_DIR)/News.app/News";
			};
			name = Debug;
		};
		C1111A3D27F5DE5D0000D986 /* Release */ = {
			isa = XCBuildConfiguration;
			buildSettings = {
				ALWAYS_EMBED_SWIFT_STANDARD_LIBRARIES = YES;
				BUNDLE_LOADER = "$(TEST_HOST)";
				CODE_SIGN_STYLE = Automatic;
				DEVELOPMENT_TEAM = 2L5ZS935W8;
				INFOPLIST_FILE = NewsTests/Info.plist;
				IPHONEOS_DEPLOYMENT_TARGET = 14.0;
				LD_RUNPATH_SEARCH_PATHS = (
					"$(inherited)",
					"@executable_path/Frameworks",
					"@loader_path/Frameworks",
				);
				PRODUCT_BUNDLE_IDENTIFIER = com.FireLinkStudio.NewsTests;
				PRODUCT_NAME = "$(TARGET_NAME)";
				SWIFT_VERSION = 5.0;
				TARGETED_DEVICE_FAMILY = "1,2";
				TEST_HOST = "$(BUILT_PRODUCTS_DIR)/News.app/News";
			};
			name = Release;
		};
		C1111A3F27F5DE5D0000D986 /* Debug */ = {
			isa = XCBuildConfiguration;
			buildSettings = {
				ALWAYS_EMBED_SWIFT_STANDARD_LIBRARIES = YES;
				CODE_SIGN_STYLE = Automatic;
				DEVELOPMENT_TEAM = 2L5ZS935W8;
				INFOPLIST_FILE = NewsUITests/Info.plist;
				LD_RUNPATH_SEARCH_PATHS = (
					"$(inherited)",
					"@executable_path/Frameworks",
					"@loader_path/Frameworks",
				);
				PRODUCT_BUNDLE_IDENTIFIER = com.FireLinkStudio.NewsUITests;
				PRODUCT_NAME = "$(TARGET_NAME)";
				SWIFT_VERSION = 5.0;
				TARGETED_DEVICE_FAMILY = "1,2";
				TEST_TARGET_NAME = News;
			};
			name = Debug;
		};
		C1111A4027F5DE5D0000D986 /* Release */ = {
			isa = XCBuildConfiguration;
			buildSettings = {
				ALWAYS_EMBED_SWIFT_STANDARD_LIBRARIES = YES;
				CODE_SIGN_STYLE = Automatic;
				DEVELOPMENT_TEAM = 2L5ZS935W8;
				INFOPLIST_FILE = NewsUITests/Info.plist;
				LD_RUNPATH_SEARCH_PATHS = (
					"$(inherited)",
					"@executable_path/Frameworks",
					"@loader_path/Frameworks",
				);
				PRODUCT_BUNDLE_IDENTIFIER = com.FireLinkStudio.NewsUITests;
				PRODUCT_NAME = "$(TARGET_NAME)";
				SWIFT_VERSION = 5.0;
				TARGETED_DEVICE_FAMILY = "1,2";
				TEST_TARGET_NAME = News;
			};
			name = Release;
		};
/* End XCBuildConfiguration section */

/* Begin XCConfigurationList section */
		C1111A0927F5DE5A0000D986 /* Build configuration list for PBXProject "News" */ = {
			isa = XCConfigurationList;
			buildConfigurations = (
				C1111A3627F5DE5D0000D986 /* Debug */,
				C1111A3727F5DE5D0000D986 /* Release */,
			);
			defaultConfigurationIsVisible = 0;
			defaultConfigurationName = Release;
		};
		C1111A3827F5DE5D0000D986 /* Build configuration list for PBXNativeTarget "News" */ = {
			isa = XCConfigurationList;
			buildConfigurations = (
				C1111A3927F5DE5D0000D986 /* Debug */,
				C1111A3A27F5DE5D0000D986 /* Release */,
			);
			defaultConfigurationIsVisible = 0;
			defaultConfigurationName = Release;
		};
		C1111A3B27F5DE5D0000D986 /* Build configuration list for PBXNativeTarget "NewsTests" */ = {
			isa = XCConfigurationList;
			buildConfigurations = (
				C1111A3C27F5DE5D0000D986 /* Debug */,
				C1111A3D27F5DE5D0000D986 /* Release */,
			);
			defaultConfigurationIsVisible = 0;
			defaultConfigurationName = Release;
		};
		C1111A3E27F5DE5D0000D986 /* Build configuration list for PBXNativeTarget "NewsUITests" */ = {
			isa = XCConfigurationList;
			buildConfigurations = (
				C1111A3F27F5DE5D0000D986 /* Debug */,
				C1111A4027F5DE5D0000D986 /* Release */,
			);
			defaultConfigurationIsVisible = 0;
			defaultConfigurationName = Release;
		};
/* End XCConfigurationList section */
	};
	rootObject = C1111A0627F5DE5A0000D986 /* Project object */;
}
